// !$*UTF8*$!
{
	archiveVersion = 1;
	classes = {
	};
	objectVersion = 50;
	objects = {

/* Begin PBXBuildFile section */
		4242F3E320B1E27B00199A42 /* AppDelegate.swift in Sources */ = {isa = PBXBuildFile; fileRef = 4242F3E220B1E27B00199A42 /* AppDelegate.swift */; };
		4242F3E520B1E27B00199A42 /* ViewController.swift in Sources */ = {isa = PBXBuildFile; fileRef = 4242F3E420B1E27B00199A42 /* ViewController.swift */; };
		4242F3E820B1E27B00199A42 /* Main.storyboard in Resources */ = {isa = PBXBuildFile; fileRef = 4242F3E620B1E27B00199A42 /* Main.storyboard */; };
		4242F3EA20B1E27D00199A42 /* Assets.xcassets in Resources */ = {isa = PBXBuildFile; fileRef = 4242F3E920B1E27D00199A42 /* Assets.xcassets */; };
		4242F3ED20B1E27D00199A42 /* LaunchScreen.storyboard in Resources */ = {isa = PBXBuildFile; fileRef = 4242F3EB20B1E27D00199A42 /* LaunchScreen.storyboard */; };
		4242F3F820B1E27D00199A42 /* SwiggyTakeHomeTests.swift in Sources */ = {isa = PBXBuildFile; fileRef = 4242F3F720B1E27D00199A42 /* SwiggyTakeHomeTests.swift */; };
		4242F40320B2A07900199A42 /* Variation.swift in Sources */ = {isa = PBXBuildFile; fileRef = 4242F40220B2A07900199A42 /* Variation.swift */; };
		4242F40520B2AF6000199A42 /* VariantDecodingTests.swift in Sources */ = {isa = PBXBuildFile; fileRef = 4242F40420B2AF6000199A42 /* VariantDecodingTests.swift */; };
		4242F40720B2AF9800199A42 /* SampleJSON.swift in Sources */ = {isa = PBXBuildFile; fileRef = 4242F40620B2AF9800199A42 /* SampleJSON.swift */; };
		4242F40F20B32F3D00199A42 /* LoadingViewController.swift in Sources */ = {isa = PBXBuildFile; fileRef = 4242F40E20B32F3D00199A42 /* LoadingViewController.swift */; };
		4242F41120B32F7800199A42 /* ErrorViewController.swift in Sources */ = {isa = PBXBuildFile; fileRef = 4242F41020B32F7800199A42 /* ErrorViewController.swift */; };
		4242F41320B332EC00199A42 /* UIViewController+Children.swift in Sources */ = {isa = PBXBuildFile; fileRef = 4242F41220B332EC00199A42 /* UIViewController+Children.swift */; };
/* End PBXBuildFile section */

/* Begin PBXContainerItemProxy section */
		4242F3F420B1E27D00199A42 /* PBXContainerItemProxy */ = {
			isa = PBXContainerItemProxy;
			containerPortal = 4242F3D720B1E27A00199A42 /* Project object */;
			proxyType = 1;
			remoteGlobalIDString = 4242F3DE20B1E27A00199A42;
			remoteInfo = SwiggyTakeHome;
		};
/* End PBXContainerItemProxy section */

/* Begin PBXFileReference section */
		4242F3DF20B1E27A00199A42 /* SwiggyTakeHome.app */ = {isa = PBXFileReference; explicitFileType = wrapper.application; includeInIndex = 0; path = SwiggyTakeHome.app; sourceTree = BUILT_PRODUCTS_DIR; };
		4242F3E220B1E27B00199A42 /* AppDelegate.swift */ = {isa = PBXFileReference; lastKnownFileType = sourcecode.swift; path = AppDelegate.swift; sourceTree = "<group>"; };
		4242F3E420B1E27B00199A42 /* ViewController.swift */ = {isa = PBXFileReference; lastKnownFileType = sourcecode.swift; path = ViewController.swift; sourceTree = "<group>"; };
		4242F3E720B1E27B00199A42 /* Base */ = {isa = PBXFileReference; lastKnownFileType = file.storyboard; name = Base; path = Base.lproj/Main.storyboard; sourceTree = "<group>"; };
		4242F3E920B1E27D00199A42 /* Assets.xcassets */ = {isa = PBXFileReference; lastKnownFileType = folder.assetcatalog; path = Assets.xcassets; sourceTree = "<group>"; };
		4242F3EC20B1E27D00199A42 /* Base */ = {isa = PBXFileReference; lastKnownFileType = file.storyboard; name = Base; path = Base.lproj/LaunchScreen.storyboard; sourceTree = "<group>"; };
		4242F3EE20B1E27D00199A42 /* Info.plist */ = {isa = PBXFileReference; lastKnownFileType = text.plist.xml; path = Info.plist; sourceTree = "<group>"; };
		4242F3F320B1E27D00199A42 /* SwiggyTakeHomeTests.xctest */ = {isa = PBXFileReference; explicitFileType = wrapper.cfbundle; includeInIndex = 0; path = SwiggyTakeHomeTests.xctest; sourceTree = BUILT_PRODUCTS_DIR; };
		4242F3F720B1E27D00199A42 /* SwiggyTakeHomeTests.swift */ = {isa = PBXFileReference; lastKnownFileType = sourcecode.swift; path = SwiggyTakeHomeTests.swift; sourceTree = "<group>"; };
		4242F3F920B1E27D00199A42 /* Info.plist */ = {isa = PBXFileReference; lastKnownFileType = text.plist.xml; path = Info.plist; sourceTree = "<group>"; };
		4242F40220B2A07900199A42 /* Variation.swift */ = {isa = PBXFileReference; lastKnownFileType = sourcecode.swift; path = Variation.swift; sourceTree = "<group>"; };
		4242F40420B2AF6000199A42 /* VariantDecodingTests.swift */ = {isa = PBXFileReference; lastKnownFileType = sourcecode.swift; path = VariantDecodingTests.swift; sourceTree = "<group>"; };
		4242F40620B2AF9800199A42 /* SampleJSON.swift */ = {isa = PBXFileReference; lastKnownFileType = sourcecode.swift; path = SampleJSON.swift; sourceTree = "<group>"; };
		4242F40E20B32F3D00199A42 /* LoadingViewController.swift */ = {isa = PBXFileReference; lastKnownFileType = sourcecode.swift; path = LoadingViewController.swift; sourceTree = "<group>"; };
		4242F41020B32F7800199A42 /* ErrorViewController.swift */ = {isa = PBXFileReference; lastKnownFileType = sourcecode.swift; path = ErrorViewController.swift; sourceTree = "<group>"; };
		4242F41220B332EC00199A42 /* UIViewController+Children.swift */ = {isa = PBXFileReference; lastKnownFileType = sourcecode.swift; path = "UIViewController+Children.swift"; sourceTree = "<group>"; };
/* End PBXFileReference section */

/* Begin PBXFrameworksBuildPhase section */
		4242F3DC20B1E27A00199A42 /* Frameworks */ = {
			isa = PBXFrameworksBuildPhase;
			buildActionMask = 2147483647;
			files = (
			);
			runOnlyForDeploymentPostprocessing = 0;
		};
		4242F3F020B1E27D00199A42 /* Frameworks */ = {
			isa = PBXFrameworksBuildPhase;
			buildActionMask = 2147483647;
			files = (
			);
			runOnlyForDeploymentPostprocessing = 0;
		};
/* End PBXFrameworksBuildPhase section */

/* Begin PBXGroup section */
		4242F3D620B1E27A00199A42 = {
			isa = PBXGroup;
			children = (
				4242F3E120B1E27B00199A42 /* SwiggyTakeHome */,
				4242F3F620B1E27D00199A42 /* SwiggyTakeHomeTests */,
				4242F3E020B1E27A00199A42 /* Products */,
			);
			sourceTree = "<group>";
		};
		4242F3E020B1E27A00199A42 /* Products */ = {
			isa = PBXGroup;
			children = (
				4242F3DF20B1E27A00199A42 /* SwiggyTakeHome.app */,
				4242F3F320B1E27D00199A42 /* SwiggyTakeHomeTests.xctest */,
			);
			name = Products;
			sourceTree = "<group>";
		};
		4242F3E120B1E27B00199A42 /* SwiggyTakeHome */ = {
			isa = PBXGroup;
			children = (
				4242F3E220B1E27B00199A42 /* AppDelegate.swift */,
				4242F3E420B1E27B00199A42 /* ViewController.swift */,
				4242F41220B332EC00199A42 /* UIViewController+Children.swift */,
				4242F41020B32F7800199A42 /* ErrorViewController.swift */,
				4242F40220B2A07900199A42 /* Variation.swift */,
				4242F40E20B32F3D00199A42 /* LoadingViewController.swift */,
				4242F3E620B1E27B00199A42 /* Main.storyboard */,
				4242F3E920B1E27D00199A42 /* Assets.xcassets */,
				4242F3EB20B1E27D00199A42 /* LaunchScreen.storyboard */,
				4242F3EE20B1E27D00199A42 /* Info.plist */,
			);
			path = SwiggyTakeHome;
			sourceTree = "<group>";
		};
		4242F3F620B1E27D00199A42 /* SwiggyTakeHomeTests */ = {
			isa = PBXGroup;
			children = (
				4242F3F720B1E27D00199A42 /* SwiggyTakeHomeTests.swift */,
				4242F40420B2AF6000199A42 /* VariantDecodingTests.swift */,
				4242F40620B2AF9800199A42 /* SampleJSON.swift */,
				4242F3F920B1E27D00199A42 /* Info.plist */,
			);
			path = SwiggyTakeHomeTests;
			sourceTree = "<group>";
		};
/* End PBXGroup section */

/* Begin PBXNativeTarget section */
		4242F3DE20B1E27A00199A42 /* SwiggyTakeHome */ = {
			isa = PBXNativeTarget;
			buildConfigurationList = 4242F3FC20B1E27D00199A42 /* Build configuration list for PBXNativeTarget "SwiggyTakeHome" */;
			buildPhases = (
				4242F3DB20B1E27A00199A42 /* Sources */,
				4242F3DC20B1E27A00199A42 /* Frameworks */,
				4242F3DD20B1E27A00199A42 /* Resources */,
			);
			buildRules = (
			);
			dependencies = (
			);
			name = SwiggyTakeHome;
			productName = SwiggyTakeHome;
			productReference = 4242F3DF20B1E27A00199A42 /* SwiggyTakeHome.app */;
			productType = "com.apple.product-type.application";
		};
		4242F3F220B1E27D00199A42 /* SwiggyTakeHomeTests */ = {
			isa = PBXNativeTarget;
			buildConfigurationList = 4242F3FF20B1E27D00199A42 /* Build configuration list for PBXNativeTarget "SwiggyTakeHomeTests" */;
			buildPhases = (
				4242F3EF20B1E27D00199A42 /* Sources */,
				4242F3F020B1E27D00199A42 /* Frameworks */,
				4242F3F120B1E27D00199A42 /* Resources */,
			);
			buildRules = (
			);
			dependencies = (
				4242F3F520B1E27D00199A42 /* PBXTargetDependency */,
			);
			name = SwiggyTakeHomeTests;
			productName = SwiggyTakeHomeTests;
			productReference = 4242F3F320B1E27D00199A42 /* SwiggyTakeHomeTests.xctest */;
			productType = "com.apple.product-type.bundle.unit-test";
		};
/* End PBXNativeTarget section */

/* Begin PBXProject section */
		4242F3D720B1E27A00199A42 /* Project object */ = {
			isa = PBXProject;
			attributes = {
				LastSwiftUpdateCheck = 0930;
				LastUpgradeCheck = 0930;
				ORGANIZATIONNAME = "Robin Malhotra";
				TargetAttributes = {
					4242F3DE20B1E27A00199A42 = {
						CreatedOnToolsVersion = 9.3.1;
					};
					4242F3F220B1E27D00199A42 = {
						CreatedOnToolsVersion = 9.3.1;
						TestTargetID = 4242F3DE20B1E27A00199A42;
					};
				};
			};
			buildConfigurationList = 4242F3DA20B1E27A00199A42 /* Build configuration list for PBXProject "SwiggyTakeHome" */;
			compatibilityVersion = "Xcode 9.3";
			developmentRegion = en;
			hasScannedForEncodings = 0;
			knownRegions = (
				en,
				Base,
			);
			mainGroup = 4242F3D620B1E27A00199A42;
			productRefGroup = 4242F3E020B1E27A00199A42 /* Products */;
			projectDirPath = "";
			projectRoot = "";
			targets = (
				4242F3DE20B1E27A00199A42 /* SwiggyTakeHome */,
				4242F3F220B1E27D00199A42 /* SwiggyTakeHomeTests */,
			);
		};
/* End PBXProject section */

/* Begin PBXResourcesBuildPhase section */
		4242F3DD20B1E27A00199A42 /* Resources */ = {
			isa = PBXResourcesBuildPhase;
			buildActionMask = 2147483647;
			files = (
				4242F3ED20B1E27D00199A42 /* LaunchScreen.storyboard in Resources */,
				4242F3EA20B1E27D00199A42 /* Assets.xcassets in Resources */,
				4242F3E820B1E27B00199A42 /* Main.storyboard in Resources */,
			);
			runOnlyForDeploymentPostprocessing = 0;
		};
		4242F3F120B1E27D00199A42 /* Resources */ = {
			isa = PBXResourcesBuildPhase;
			buildActionMask = 2147483647;
			files = (
			);
			runOnlyForDeploymentPostprocessing = 0;
		};
/* End PBXResourcesBuildPhase section */

/* Begin PBXSourcesBuildPhase section */
		4242F3DB20B1E27A00199A42 /* Sources */ = {
			isa = PBXSourcesBuildPhase;
			buildActionMask = 2147483647;
			files = (
				4242F3E520B1E27B00199A42 /* ViewController.swift in Sources */,
				4242F41320B332EC00199A42 /* UIViewController+Children.swift in Sources */,
				4242F40320B2A07900199A42 /* Variation.swift in Sources */,
				4242F41120B32F7800199A42 /* ErrorViewController.swift in Sources */,
				4242F3E320B1E27B00199A42 /* AppDelegate.swift in Sources */,
				4242F40F20B32F3D00199A42 /* LoadingViewController.swift in Sources */,
			);
			runOnlyForDeploymentPostprocessing = 0;
		};
		4242F3EF20B1E27D00199A42 /* Sources */ = {
			isa = PBXSourcesBuildPhase;
			buildActionMask = 2147483647;
			files = (
				4242F40520B2AF6000199A42 /* VariantDecodingTests.swift in Sources */,
				4242F40720B2AF9800199A42 /* SampleJSON.swift in Sources */,
				4242F3F820B1E27D00199A42 /* SwiggyTakeHomeTests.swift in Sources */,
			);
			runOnlyForDeploymentPostprocessing = 0;
		};
/* End PBXSourcesBuildPhase section */

/* Begin PBXTargetDependency section */
		4242F3F520B1E27D00199A42 /* PBXTargetDependency */ = {
			isa = PBXTargetDependency;
			target = 4242F3DE20B1E27A00199A42 /* SwiggyTakeHome */;
			targetProxy = 4242F3F420B1E27D00199A42 /* PBXContainerItemProxy */;
		};
/* End PBXTargetDependency section */

/* Begin PBXVariantGroup section */
		4242F3E620B1E27B00199A42 /* Main.storyboard */ = {
			isa = PBXVariantGroup;
			children = (
				4242F3E720B1E27B00199A42 /* Base */,
			);
			name = Main.storyboard;
			sourceTree = "<group>";
		};
		4242F3EB20B1E27D00199A42 /* LaunchScreen.storyboard */ = {
			isa = PBXVariantGroup;
			children = (
				4242F3EC20B1E27D00199A42 /* Base */,
			);
			name = LaunchScreen.storyboard;
			sourceTree = "<group>";
		};
/* End PBXVariantGroup section */

/* Begin XCBuildConfiguration section */
		4242F3FA20B1E27D00199A42 /* Debug */ = {
			isa = XCBuildConfiguration;
			buildSettings = {
				ALWAYS_SEARCH_USER_PATHS = NO;
				CLANG_ANALYZER_NONNULL = YES;
				CLANG_ANALYZER_NUMBER_OBJECT_CONVERSION = YES_AGGRESSIVE;
				CLANG_CXX_LANGUAGE_STANDARD = "gnu++14";
				CLANG_CXX_LIBRARY = "libc++";
				CLANG_ENABLE_MODULES = YES;
				CLANG_ENABLE_OBJC_ARC = YES;
				CLANG_ENABLE_OBJC_WEAK = YES;
				CLANG_WARN_BLOCK_CAPTURE_AUTORELEASING = YES;
				CLANG_WARN_BOOL_CONVERSION = YES;
				CLANG_WARN_COMMA = YES;
				CLANG_WARN_CONSTANT_CONVERSION = YES;
				CLANG_WARN_DEPRECATED_OBJC_IMPLEMENTATIONS = YES;
				CLANG_WARN_DIRECT_OBJC_ISA_USAGE = YES_ERROR;
				CLANG_WARN_DOCUMENTATION_COMMENTS = YES;
				CLANG_WARN_EMPTY_BODY = YES;
				CLANG_WARN_ENUM_CONVERSION = YES;
				CLANG_WARN_INFINITE_RECURSION = YES;
				CLANG_WARN_INT_CONVERSION = YES;
				CLANG_WARN_NON_LITERAL_NULL_CONVERSION = YES;
				CLANG_WARN_OBJC_IMPLICIT_RETAIN_SELF = YES;
				CLANG_WARN_OBJC_LITERAL_CONVERSION = YES;
				CLANG_WARN_OBJC_ROOT_CLASS = YES_ERROR;
				CLANG_WARN_RANGE_LOOP_ANALYSIS = YES;
				CLANG_WARN_STRICT_PROTOTYPES = YES;
				CLANG_WARN_SUSPICIOUS_MOVE = YES;
				CLANG_WARN_UNGUARDED_AVAILABILITY = YES_AGGRESSIVE;
				CLANG_WARN_UNREACHABLE_CODE = YES;
				CLANG_WARN__DUPLICATE_METHOD_MATCH = YES;
				CODE_SIGN_IDENTITY = "iPhone Developer";
				COPY_PHASE_STRIP = NO;
				DEBUG_INFORMATION_FORMAT = dwarf;
				ENABLE_STRICT_OBJC_MSGSEND = YES;
				ENABLE_TESTABILITY = YES;
				GCC_C_LANGUAGE_STANDARD = gnu11;
				GCC_DYNAMIC_NO_PIC = NO;
				GCC_NO_COMMON_BLOCKS = YES;
				GCC_OPTIMIZATION_LEVEL = 0;
				GCC_PREPROCESSOR_DEFINITIONS = (
					"DEBUG=1",
					"$(inherited)",
				);
				GCC_WARN_64_TO_32_BIT_CONVERSION = YES;
				GCC_WARN_ABOUT_RETURN_TYPE = YES_ERROR;
				GCC_WARN_UNDECLARED_SELECTOR = YES;
				GCC_WARN_UNINITIALIZED_AUTOS = YES_AGGRESSIVE;
				GCC_WARN_UNUSED_FUNCTION = YES;
				GCC_WARN_UNUSED_VARIABLE = YES;
				IPHONEOS_DEPLOYMENT_TARGET = 11.3;
				MTL_ENABLE_DEBUG_INFO = YES;
				ONLY_ACTIVE_ARCH = YES;
				SDKROOT = iphoneos;
				SWIFT_ACTIVE_COMPILATION_CONDITIONS = DEBUG;
				SWIFT_OPTIMIZATION_LEVEL = "-Onone";
			};
			name = Debug;
		};
		4242F3FB20B1E27D00199A42 /* Release */ = {
			isa = XCBuildConfiguration;
			buildSettings = {
				ALWAYS_SEARCH_USER_PATHS = NO;
				CLANG_ANALYZER_NONNULL = YES;
				CLANG_ANALYZER_NUMBER_OBJECT_CONVERSION = YES_AGGRESSIVE;
				CLANG_CXX_LANGUAGE_STANDARD = "gnu++14";
				CLANG_CXX_LIBRARY = "libc++";
				CLANG_ENABLE_MODULES = YES;
				CLANG_ENABLE_OBJC_ARC = YES;
				CLANG_ENABLE_OBJC_WEAK = YES;
				CLANG_WARN_BLOCK_CAPTURE_AUTORELEASING = YES;
				CLANG_WARN_BOOL_CONVERSION = YES;
				CLANG_WARN_COMMA = YES;
				CLANG_WARN_CONSTANT_CONVERSION = YES;
				CLANG_WARN_DEPRECATED_OBJC_IMPLEMENTATIONS = YES;
				CLANG_WARN_DIRECT_OBJC_ISA_USAGE = YES_ERROR;
				CLANG_WARN_DOCUMENTATION_COMMENTS = YES;
				CLANG_WARN_EMPTY_BODY = YES;
				CLANG_WARN_ENUM_CONVERSION = YES;
				CLANG_WARN_INFINITE_RECURSION = YES;
				CLANG_WARN_INT_CONVERSION = YES;
				CLANG_WARN_NON_LITERAL_NULL_CONVERSION = YES;
				CLANG_WARN_OBJC_IMPLICIT_RETAIN_SELF = YES;
				CLANG_WARN_OBJC_LITERAL_CONVERSION = YES;
				CLANG_WARN_OBJC_ROOT_CLASS = YES_ERROR;
				CLANG_WARN_RANGE_LOOP_ANALYSIS = YES;
				CLANG_WARN_STRICT_PROTOTYPES = YES;
				CLANG_WARN_SUSPICIOUS_MOVE = YES;
				CLANG_WARN_UNGUARDED_AVAILABILITY = YES_AGGRESSIVE;
				CLANG_WARN_UNREACHABLE_CODE = YES;
				CLANG_WARN__DUPLICATE_METHOD_MATCH = YES;
				CODE_SIGN_IDENTITY = "iPhone Developer";
				COPY_PHASE_STRIP = NO;
				DEBUG_INFORMATION_FORMAT = "dwarf-with-dsym";
				ENABLE_NS_ASSERTIONS = NO;
				ENABLE_STRICT_OBJC_MSGSEND = YES;
				GCC_C_LANGUAGE_STANDARD = gnu11;
				GCC_NO_COMMON_BLOCKS = YES;
				GCC_WARN_64_TO_32_BIT_CONVERSION = YES;
				GCC_WARN_ABOUT_RETURN_TYPE = YES_ERROR;
				GCC_WARN_UNDECLARED_SELECTOR = YES;
				GCC_WARN_UNINITIALIZED_AUTOS = YES_AGGRESSIVE;
				GCC_WARN_UNUSED_FUNCTION = YES;
				GCC_WARN_UNUSED_VARIABLE = YES;
				IPHONEOS_DEPLOYMENT_TARGET = 11.3;
				MTL_ENABLE_DEBUG_INFO = NO;
				SDKROOT = iphoneos;
				SWIFT_COMPILATION_MODE = wholemodule;
				SWIFT_OPTIMIZATION_LEVEL = "-O";
				VALIDATE_PRODUCT = YES;
			};
			name = Release;
		};
		4242F3FD20B1E27D00199A42 /* Debug */ = {
			isa = XCBuildConfiguration;
			buildSettings = {
				ASSETCATALOG_COMPILER_APPICON_NAME = AppIcon;
				CODE_SIGN_STYLE = Automatic;
				DEVELOPMENT_TEAM = 7G2XZXD8B4;
				INFOPLIST_FILE = SwiggyTakeHome/Info.plist;
				LD_RUNPATH_SEARCH_PATHS = (
					"$(inherited)",
					"@executable_path/Frameworks",
				);
				PRODUCT_BUNDLE_IDENTIFIER = com.rmalhotra.SwiggyTakeHome;
				PRODUCT_NAME = "$(TARGET_NAME)";
				SWIFT_VERSION = 4.0;
				TARGETED_DEVICE_FAMILY = "1,2";
			};
			name = Debug;
		};
		4242F3FE20B1E27D00199A42 /* Release */ = {
			isa = XCBuildConfiguration;
			buildSettings = {
				ASSETCATALOG_COMPILER_APPICON_NAME = AppIcon;
				CODE_SIGN_STYLE = Automatic;
				DEVELOPMENT_TEAM = 7G2XZXD8B4;
				INFOPLIST_FILE = SwiggyTakeHome/Info.plist;
				LD_RUNPATH_SEARCH_PATHS = (
					"$(inherited)",
					"@executable_path/Frameworks",
				);
				PRODUCT_BUNDLE_IDENTIFIER = com.rmalhotra.SwiggyTakeHome;
				PRODUCT_NAME = "$(TARGET_NAME)";
				SWIFT_VERSION = 4.0;
				TARGETED_DEVICE_FAMILY = "1,2";
			};
			name = Release;
		};
		4242F40020B1E27D00199A42 /* Debug */ = {
			isa = XCBuildConfiguration;
			buildSettings = {
				ALWAYS_EMBED_SWIFT_STANDARD_LIBRARIES = YES;
				BUNDLE_LOADER = "$(TEST_HOST)";
				CODE_SIGN_STYLE = Automatic;
				DEVELOPMENT_TEAM = 7G2XZXD8B4;
				INFOPLIST_FILE = SwiggyTakeHomeTests/Info.plist;
				LD_RUNPATH_SEARCH_PATHS = (
					"$(inherited)",
					"@executable_path/Frameworks",
					"@loader_path/Frameworks",
				);
				PRODUCT_BUNDLE_IDENTIFIER = com.rmalhotra.SwiggyTakeHomeTests;
				PRODUCT_NAME = "$(TARGET_NAME)";
				SWIFT_VERSION = 4.0;
				TARGETED_DEVICE_FAMILY = "1,2";
				TEST_HOST = "$(BUILT_PRODUCTS_DIR)/SwiggyTakeHome.app/SwiggyTakeHome";
			};
			name = Debug;
		};
		4242F40120B1E27D00199A42 /* Release */ = {
			isa = XCBuildConfiguration;
			buildSettings = {
				ALWAYS_EMBED_SWIFT_STANDARD_LIBRARIES = YES;
				BUNDLE_LOADER = "$(TEST_HOST)";
				CODE_SIGN_STYLE = Automatic;
				DEVELOPMENT_TEAM = 7G2XZXD8B4;
				INFOPLIST_FILE = SwiggyTakeHomeTests/Info.plist;
				LD_RUNPATH_SEARCH_PATHS = (
					"$(inherited)",
					"@executable_path/Frameworks",
					"@loader_path/Frameworks",
				);
				PRODUCT_BUNDLE_IDENTIFIER = com.rmalhotra.SwiggyTakeHomeTests;
				PRODUCT_NAME = "$(TARGET_NAME)";
				SWIFT_VERSION = 4.0;
				TARGETED_DEVICE_FAMILY = "1,2";
				TEST_HOST = "$(BUILT_PRODUCTS_DIR)/SwiggyTakeHome.app/SwiggyTakeHome";
			};
			name = Release;
		};
/* End XCBuildConfiguration section */

/* Begin XCConfigurationList section */
		4242F3DA20B1E27A00199A42 /* Build configuration list for PBXProject "SwiggyTakeHome" */ = {
			isa = XCConfigurationList;
			buildConfigurations = (
				4242F3FA20B1E27D00199A42 /* Debug */,
				4242F3FB20B1E27D00199A42 /* Release */,
			);
			defaultConfigurationIsVisible = 0;
			defaultConfigurationName = Release;
		};
		4242F3FC20B1E27D00199A42 /* Build configuration list for PBXNativeTarget "SwiggyTakeHome" */ = {
			isa = XCConfigurationList;
			buildConfigurations = (
				4242F3FD20B1E27D00199A42 /* Debug */,
				4242F3FE20B1E27D00199A42 /* Release */,
			);
			defaultConfigurationIsVisible = 0;
			defaultConfigurationName = Release;
		};
		4242F3FF20B1E27D00199A42 /* Build configuration list for PBXNativeTarget "SwiggyTakeHomeTests" */ = {
			isa = XCConfigurationList;
			buildConfigurations = (
				4242F40020B1E27D00199A42 /* Debug */,
				4242F40120B1E27D00199A42 /* Release */,
			);
			defaultConfigurationIsVisible = 0;
			defaultConfigurationName = Release;
		};
/* End XCConfigurationList section */
	};
	rootObject = 4242F3D720B1E27A00199A42 /* Project object */;
}
